{
  "name": "node_1_test",
  "version": "1.0.0",
  "lockfileVersion": 3,
  "requires": true,
  "packages": {
    "": {
      "name": "node_1_test",
      "version": "1.0.0",
      "license": "ISC",
      "dependencies": {
        "@korney_dv/rpn-calculator": "^1.1.1"
      }
    },
    "node_modules/@korney_dv/rpn-calculator": {
      "version": "1.1.1",
      "resolved": "https://registry.npmjs.org/@korney_dv/rpn-calculator/-/rpn-calculator-1.1.1.tgz",
      "integrity": "sha512-vzvvq2e73EWIMlhIUGMx5m3LorwqppGKqLsNtR60fAFRbLmswms6538hXzZxteukGNs7vXE43ADVRmyzi9ROUg=="
    }
  }
}
